{
  "requires": true,
  "lockfileVersion": 1,
  "dependencies": {
    "cypress-axe": {
      "version": "0.12.2",
      "resolved": "https://registry.npmjs.org/cypress-axe/-/cypress-axe-0.12.2.tgz",
      "integrity": "sha512-gn+rVJ2JnvUWhBshbZ/8dkJdANaEB96zgtAEClJ7vNvDgmqAYb+HhQpW0GM04EqtIiPhenqUeKNQDoqrquY5+w=="
    }
  }
}
